
Microsoft Visual Studio Solution File, Format Version 12.00
# Visual Studio 15
VisualStudioVersion = 15.0.28307.489
MinimumVisualStudioVersion = 10.0.40219.1
Project("{9A19103F-16F7-4668-BE54-9A1E7A4F7556}") = "MoveIT.API", "MoveIT.API\MoveIT.API.csproj", "{FF922D82-16AE-4248-A5CF-9ED1BB5AACE2}"
EndProject
Project("{9A19103F-16F7-4668-BE54-9A1E7A4F7556}") = "MoveIT.Test", "MoveIT.Test\MoveIT.Test.csproj", "{091972F3-696A-4F32-9D5B-8730103CE7CB}"
EndProject
Project("{9A19103F-16F7-4668-BE54-9A1E7A4F7556}") = "MoveIT.Web", "MoveIT.Web\MoveIT.Web.csproj", "{832023F2-1E3F-4343-822F-A29CBF61F06A}"
EndProject
Project("{9A19103F-16F7-4668-BE54-9A1E7A4F7556}") = "MoveIT.MVC", "MoveIT.MVC\MoveIT.MVC.csproj", "{1916037D-24E3-44BC-BAC2-3B2716881E84}"
EndProject
Project("{9A19103F-16F7-4668-BE54-9A1E7A4F7556}") = "MoveIT.Models", "MoveIT.Models\MoveIT.Models.csproj", "{A86DAEA8-53DE-4160-878E-BBD3611C89CF}"
EndProject
Global
	GlobalSection(SolutionConfigurationPlatforms) = preSolution
		Debug|Any CPU = Debug|Any CPU
		Release|Any CPU = Release|Any CPU
	EndGlobalSection
	GlobalSection(ProjectConfigurationPlatforms) = postSolution
		{FF922D82-16AE-4248-A5CF-9ED1BB5AACE2}.Debug|Any CPU.ActiveCfg = Debug|Any CPU
		{FF922D82-16AE-4248-A5CF-9ED1BB5AACE2}.Debug|Any CPU.Build.0 = Debug|Any CPU
		{FF922D82-16AE-4248-A5CF-9ED1BB5AACE2}.Release|Any CPU.ActiveCfg = Release|Any CPU
		{FF922D82-16AE-4248-A5CF-9ED1BB5AACE2}.Release|Any CPU.Build.0 = Release|Any CPU
		{091972F3-696A-4F32-9D5B-8730103CE7CB}.Debug|Any CPU.ActiveCfg = Debug|Any CPU
		{091972F3-696A-4F32-9D5B-8730103CE7CB}.Debug|Any CPU.Build.0 = Debug|Any CPU
		{091972F3-696A-4F32-9D5B-8730103CE7CB}.Release|Any CPU.ActiveCfg = Release|Any CPU
		{091972F3-696A-4F32-9D5B-8730103CE7CB}.Release|Any CPU.Build.0 = Release|Any CPU
		{832023F2-1E3F-4343-822F-A29CBF61F06A}.Debug|Any CPU.ActiveCfg = Debug|Any CPU
		{832023F2-1E3F-4343-822F-A29CBF61F06A}.Debug|Any CPU.Build.0 = Debug|Any CPU
		{832023F2-1E3F-4343-822F-A29CBF61F06A}.Release|Any CPU.ActiveCfg = Release|Any CPU
		{832023F2-1E3F-4343-822F-A29CBF61F06A}.Release|Any CPU.Build.0 = Release|Any CPU
		{1916037D-24E3-44BC-BAC2-3B2716881E84}.Debug|Any CPU.ActiveCfg = Debug|Any CPU
		{1916037D-24E3-44BC-BAC2-3B2716881E84}.Debug|Any CPU.Build.0 = Debug|Any CPU
		{1916037D-24E3-44BC-BAC2-3B2716881E84}.Release|Any CPU.ActiveCfg = Release|Any CPU
		{1916037D-24E3-44BC-BAC2-3B2716881E84}.Release|Any CPU.Build.0 = Release|Any CPU
		{A86DAEA8-53DE-4160-878E-BBD3611C89CF}.Debug|Any CPU.ActiveCfg = Debug|Any CPU
		{A86DAEA8-53DE-4160-878E-BBD3611C89CF}.Debug|Any CPU.Build.0 = Debug|Any CPU
		{A86DAEA8-53DE-4160-878E-BBD3611C89CF}.Release|Any CPU.ActiveCfg = Release|Any CPU
		{A86DAEA8-53DE-4160-878E-BBD3611C89CF}.Release|Any CPU.Build.0 = Release|Any CPU
	EndGlobalSection
	GlobalSection(SolutionProperties) = preSolution
		HideSolutionNode = FALSE
	EndGlobalSection
	GlobalSection(ExtensibilityGlobals) = postSolution
		SolutionGuid = {CBD52653-9893-41D0-9EBF-DB2DCCD4A1CF}
	EndGlobalSection
EndGlobal
